// !$*UTF8*$!
{
	archiveVersion = 1;
	classes = {
	};
	objectVersion = 55;
	objects = {

/* Begin PBXBuildFile section */
		2B6FEA20B49C3673B9EE60BE /* SleepTimePicker.swift in Sources */ = {isa = PBXBuildFile; fileRef = B7CD5BC40527A8DDBAD0E71E /* SleepTimePicker.swift */; };
		3FAAEF86AE5DEF0DAB848249 /* SessionCoordinating.swift in Sources */ = {isa = PBXBuildFile; fileRef = 177C4E851DA49FEA88A60D33 /* SessionCoordinating.swift */; };
		4A39296210BBCD4557160BF3 /* Foundation.framework in Frameworks */ = {isa = PBXBuildFile; fileRef = 358C434E477AC073B7EE9DFD /* Foundation.framework */; };
		4B82E5A96EA57B60703A5D5E /* ImageProviderFactory.swift in Sources */ = {isa = PBXBuildFile; fileRef = 8B5A51CFED6FECA2A044D1B3 /* ImageProviderFactory.swift */; };
		50C6A42E277FF5EBED30351D /* SleepSessionManagerTests.swift in Sources */ = {isa = PBXBuildFile; fileRef = A10901972C665C46A0FFDA04 /* SleepSessionManagerTests.swift */; };
		575F8AEAA7A7FEE12A5D98E9 /* UserNotificationService.swift in Sources */ = {isa = PBXBuildFile; fileRef = 1489F9A658A52FDFEAD4772A /* UserNotificationService.swift */; };
		5858514D67EB55FA28579A26 /* ComplicationDataProvider.swift in Sources */ = {isa = PBXBuildFile; fileRef = 96D94538FC0A9133ED14EEB7 /* ComplicationDataProvider.swift */; };
		5A8D5643833AA3895507D27E /* PrimaryActionButton.swift in Sources */ = {isa = PBXBuildFile; fileRef = C9C97F86636DB6DE237EEF47 /* PrimaryActionButton.swift */; };
		5C2A62B3477F549F43E48314 /* AnimationModifiers.swift in Sources */ = {isa = PBXBuildFile; fileRef = 24E0D9E00DF6B64D4B30BA1D /* AnimationModifiers.swift */; };
		5CA906F6D1DAB8010525629B /* AppStateManager.swift in Sources */ = {isa = PBXBuildFile; fileRef = F027AE63F65F5B9202C6E3FB /* AppStateManager.swift */; };
		6671311FF1D41372B5A00CE2 /* ProgressRing.swift in Sources */ = {isa = PBXBuildFile; fileRef = EAA1E97001E98A2A2432BA7C /* ProgressRing.swift */; };
		732B4AFFAA1B5F536482EA2B /* AppStateManagerTests.swift in Sources */ = {isa = PBXBuildFile; fileRef = C0BA0DFF66AB347E89401852 /* AppStateManagerTests.swift */; };
		741457FF281C164C00374996 /* Sleep Phase.app in Embed Watch Content */ = {isa = PBXBuildFile; fileRef = 741457FE281C164C00374996 /* Sleep Phase.app */; settings = {ATTRIBUTES = (RemoveHeadersOnCopy, ); }; };
		74145804281C164D00374996 /* Assets.xcassets in Resources */ = {isa = PBXBuildFile; fileRef = 74145803281C164D00374996 /* Assets.xcassets */; };
		7414580A281C164D00374996 /* SleepPhaseWakeApp WatchKit Extension.appex in Embed App Extensions */ = {isa = PBXBuildFile; fileRef = 74145809281C164D00374996 /* SleepPhaseWakeApp WatchKit Extension.appex */; settings = {ATTRIBUTES = (RemoveHeadersOnCopy, ); }; };
		7414580F281C164D00374996 /* SleepPhaseWakeApp.swift in Sources */ = {isa = PBXBuildFile; fileRef = 7414580E281C164D00374996 /* SleepPhaseWakeApp.swift */; };
		74145811281C164D00374996 /* ContentView.swift in Sources */ = {isa = PBXBuildFile; fileRef = 74145810281C164D00374996 /* ContentView.swift */; };
		74145817281C164D00374996 /* ComplicationController.swift in Sources */ = {isa = PBXBuildFile; fileRef = 74145816281C164D00374996 /* ComplicationController.swift */; };
		74145819281C164E00374996 /* Assets.xcassets in Resources */ = {isa = PBXBuildFile; fileRef = 74145818281C164E00374996 /* Assets.xcassets */; };
		7414581C281C164E00374996 /* Preview Assets.xcassets in Resources */ = {isa = PBXBuildFile; fileRef = 7414581B281C164E00374996 /* Preview Assets.xcassets */; };
		741E6FA3283BBE30006A3055 /* README.md in Resources */ = {isa = PBXBuildFile; fileRef = 741E6FA2283BBE30006A3055 /* README.md */; };
		745420BB2840FFF5002E8278 /* Constants.swift in Sources */ = {isa = PBXBuildFile; fileRef = 745420BA2840FFF5002E8278 /* Constants.swift */; };
		745BC7EB28350964005134B2 /* SleepSessionCoordinatorService.swift in Sources */ = {isa = PBXBuildFile; fileRef = 745BC7EA28350964005134B2 /* SleepSessionCoordinatorService.swift */; };
		745D17A8284635A400F1C69D /* ShortcutComplication.swift in Sources */ = {isa = PBXBuildFile; fileRef = 745D17A7284635A400F1C69D /* ShortcutComplication.swift */; };
		7470D24B284A13FE00BC6F88 /* GoogleService-Info.plist in Resources */ = {isa = PBXBuildFile; fileRef = 7470D24A284A13FE00BC6F88 /* GoogleService-Info.plist */; };
		747E71882850E97900051D7E /* StartedSessionViewModel.swift in Sources */ = {isa = PBXBuildFile; fileRef = 747E71872850E97900051D7E /* StartedSessionViewModel.swift */; };
		74840390282514DF009CF2A4 /* Date+RawRepresentable.swift in Sources */ = {isa = PBXBuildFile; fileRef = 7484038F282514DF009CF2A4 /* Date+RawRepresentable.swift */; };
		74840392282547EF009CF2A4 /* NotStartedSessionView.swift in Sources */ = {isa = PBXBuildFile; fileRef = 74840391282547EF009CF2A4 /* NotStartedSessionView.swift */; };
		748403942825497D009CF2A4 /* StartedSessionView.swift in Sources */ = {isa = PBXBuildFile; fileRef = 748403932825497D009CF2A4 /* StartedSessionView.swift */; };
		748ECE502822868C00BD8F11 /* CMSensorDataList+Extension.swift in Sources */ = {isa = PBXBuildFile; fileRef = 748ECE4F2822868C00BD8F11 /* CMSensorDataList+Extension.swift */; };
		7490B46428522D1800AB5C1A /* NotStartedSessionViewModel.swift in Sources */ = {isa = PBXBuildFile; fileRef = 7490B46328522D1800AB5C1A /* NotStartedSessionViewModel.swift */; };
		7490B4672852368600AB5C1A /* FinishedSessionViewModel.swift in Sources */ = {isa = PBXBuildFile; fileRef = 7490B4662852368600AB5C1A /* FinishedSessionViewModel.swift */; };
		7497FF5F2844B12A004DA367 /* FinishedSessionView.swift in Sources */ = {isa = PBXBuildFile; fileRef = 7497FF5E2844B12A004DA367 /* FinishedSessionView.swift */; };
		78AE828D570C46F84B1FAA22 /* MovementDetectorTests.swift in Sources */ = {isa = PBXBuildFile; fileRef = 5EF64C51948ED832120B07C3 /* MovementDetectorTests.swift */; };
		7D96568FA736BAAE6584079A /* ComplicationViews.swift in Sources */ = {isa = PBXBuildFile; fileRef = B1BD8F4147198FB0ABE6E115 /* ComplicationViews.swift */; };
		8DB75052DA074D66B2CA968A /* SlideToStartButton.swift in Sources */ = {isa = PBXBuildFile; fileRef = 89D7A3705618399BE678915E /* SlideToStartButton.swift */; };
		9B2DBABE99EEF805960A56A3 /* TimeFormatter.swift in Sources */ = {isa = PBXBuildFile; fileRef = FF8C33B3AA370206AB8DEBEE /* TimeFormatter.swift */; };
		A16AAA233A373EBE0DB9A298 /* RuntimeSessionManager.swift in Sources */ = {isa = PBXBuildFile; fileRef = 5B090057E5F9513324ACA4A5 /* RuntimeSessionManager.swift */; };
		BC6A13E35580A67197B1EE52 /* AccelerometerService.swift in Sources */ = {isa = PBXBuildFile; fileRef = 161DFFE2EC048AE17BB73D0B /* AccelerometerService.swift */; };
		D04DB656CD7A2252868B6656 /* MovementMonitor.swift in Sources */ = {isa = PBXBuildFile; fileRef = D7FACBD55D758433A8E5AD70 /* MovementMonitor.swift */; };
		DF3AFAE75B30A819F55FEAE0 /* TimeFormatterTests.swift in Sources */ = {isa = PBXBuildFile; fileRef = AF4C697911B7EFC539145E50 /* TimeFormatterTests.swift */; };
		EC0905656248C87BD2BDBF5A /* MovementDetector.swift in Sources */ = {isa = PBXBuildFile; fileRef = 286E21CA4502CD00E118671C /* MovementDetector.swift */; };
		EEDF5796579B80A9ECCCD476 /* Icons.swift in Sources */ = {isa = PBXBuildFile; fileRef = CA5C08145FEC722DE7CBB302 /* Icons.swift */; };
		F3704CE2E6D3BF327400C719 /* AppConfiguration.swift in Sources */ = {isa = PBXBuildFile; fileRef = 35A511E26AC7BBBDA03F05BD /* AppConfiguration.swift */; };
		FF75F4CF7AAB8C2452BE7DAA /* DeviceSize.swift in Sources */ = {isa = PBXBuildFile; fileRef = 1E4A47362910F89CD2CF5171 /* DeviceSize.swift */; };
/* End PBXBuildFile section */

/* Begin PBXContainerItemProxy section */
		74145800281C164C00374996 /* PBXContainerItemProxy */ = {
			isa = PBXContainerItemProxy;
			containerPortal = 741457F4281C164B00374996 /* Project object */;
			proxyType = 1;
			remoteGlobalIDString = 741457FD281C164C00374996;
			remoteInfo = "SleepPhaseWakeApp WatchKit App";
		};
		7414580B281C164D00374996 /* PBXContainerItemProxy */ = {
			isa = PBXContainerItemProxy;
			containerPortal = 741457F4281C164B00374996 /* Project object */;
			proxyType = 1;
			remoteGlobalIDString = 74145808281C164D00374996;
			remoteInfo = "SleepPhaseWakeApp WatchKit Extension";
		};
		8EDA11C81F7AB2EAC155B5FA /* PBXContainerItemProxy */ = {
			isa = PBXContainerItemProxy;
			containerPortal = 741457F4281C164B00374996 /* Project object */;
			proxyType = 1;
			remoteGlobalIDString = 74145808281C164D00374996;
			remoteInfo = "SleepPhaseWakeApp WatchKit Extension";
		};
/* End PBXContainerItemProxy section */

/* Begin PBXCopyFilesBuildPhase section */
		74145824281C164E00374996 /* Embed App Extensions */ = {
			isa = PBXCopyFilesBuildPhase;
			buildActionMask = 2147483647;
			dstPath = "";
			dstSubfolderSpec = 13;
			files = (
				7414580A281C164D00374996 /* SleepPhaseWakeApp WatchKit Extension.appex in Embed App Extensions */,
			);
			name = "Embed App Extensions";
			runOnlyForDeploymentPostprocessing = 0;
		};
		74145828281C164E00374996 /* Embed Watch Content */ = {
			isa = PBXCopyFilesBuildPhase;
			buildActionMask = 8;
			dstPath = "$(CONTENTS_FOLDER_PATH)/Watch";
			dstSubfolderSpec = 16;
			files = (
				741457FF281C164C00374996 /* Sleep Phase.app in Embed Watch Content */,
			);
			name = "Embed Watch Content";
			runOnlyForDeploymentPostprocessing = 1;
		};
/* End PBXCopyFilesBuildPhase section */

/* Begin PBXFileReference section */
		1489F9A658A52FDFEAD4772A /* UserNotificationService.swift */ = {isa = PBXFileReference; includeInIndex = 1; lastKnownFileType = sourcecode.swift; path = UserNotificationService.swift; sourceTree = "<group>"; };
		161DFFE2EC048AE17BB73D0B /* AccelerometerService.swift */ = {isa = PBXFileReference; includeInIndex = 1; lastKnownFileType = sourcecode.swift; path = AccelerometerService.swift; sourceTree = "<group>"; };
		177C4E851DA49FEA88A60D33 /* SessionCoordinating.swift */ = {isa = PBXFileReference; includeInIndex = 1; lastKnownFileType = sourcecode.swift; name = SessionCoordinating.swift; path = "SleepPhaseWakeApp WatchKit Extension/Services/Protocols/SessionCoordinating.swift"; sourceTree = "<group>"; };
		1E4A47362910F89CD2CF5171 /* DeviceSize.swift */ = {isa = PBXFileReference; includeInIndex = 1; lastKnownFileType = sourcecode.swift; name = DeviceSize.swift; path = DeviceSize.swift; sourceTree = "<group>"; };
		24E0D9E00DF6B64D4B30BA1D /* AnimationModifiers.swift */ = {isa = PBXFileReference; includeInIndex = 1; lastKnownFileType = sourcecode.swift; path = AnimationModifiers.swift; sourceTree = "<group>"; };
		286E21CA4502CD00E118671C /* MovementDetector.swift */ = {isa = PBXFileReference; includeInIndex = 1; lastKnownFileType = sourcecode.swift; path = MovementDetector.swift; sourceTree = "<group>"; };
		358C434E477AC073B7EE9DFD /* Foundation.framework */ = {isa = PBXFileReference; lastKnownFileType = wrapper.framework; name = Foundation.framework; path = Platforms/WatchOS.platform/Developer/SDKs/WatchOS7.0.sdk/System/Library/Frameworks/Foundation.framework; sourceTree = DEVELOPER_DIR; };
		35A511E26AC7BBBDA03F05BD /* AppConfiguration.swift */ = {isa = PBXFileReference; includeInIndex = 1; lastKnownFileType = sourcecode.swift; path = AppConfiguration.swift; sourceTree = "<group>"; };
		5B090057E5F9513324ACA4A5 /* RuntimeSessionManager.swift */ = {isa = PBXFileReference; includeInIndex = 1; lastKnownFileType = sourcecode.swift; name = RuntimeSessionManager.swift; path = "SleepPhaseWakeApp WatchKit Extension/Services/RuntimeSessionManager.swift"; sourceTree = "<group>"; };
		5EF64C51948ED832120B07C3 /* MovementDetectorTests.swift */ = {isa = PBXFileReference; includeInIndex = 1; lastKnownFileType = sourcecode.swift; name = MovementDetectorTests.swift; path = SleepPhaseWakeAppTests/MovementDetectorTests.swift; sourceTree = "<group>"; };
		741457FA281C164B00374996 /* Sleep Phase.app */ = {isa = PBXFileReference; explicitFileType = wrapper.application; includeInIndex = 0; path = "Sleep Phase.app"; sourceTree = BUILT_PRODUCTS_DIR; };
		741457FE281C164C00374996 /* Sleep Phase.app */ = {isa = PBXFileReference; explicitFileType = wrapper.application; includeInIndex = 0; path = "Sleep Phase.app"; sourceTree = BUILT_PRODUCTS_DIR; };
		74145803281C164D00374996 /* Assets.xcassets */ = {isa = PBXFileReference; lastKnownFileType = folder.assetcatalog; path = Assets.xcassets; sourceTree = "<group>"; };
		74145809281C164D00374996 /* SleepPhaseWakeApp WatchKit Extension.appex */ = {isa = PBXFileReference; explicitFileType = "wrapper.app-extension"; includeInIndex = 0; path = "SleepPhaseWakeApp WatchKit Extension.appex"; sourceTree = BUILT_PRODUCTS_DIR; };
		7414580E281C164D00374996 /* SleepPhaseWakeApp.swift */ = {isa = PBXFileReference; lastKnownFileType = sourcecode.swift; path = SleepPhaseWakeApp.swift; sourceTree = "<group>"; };
		74145810281C164D00374996 /* ContentView.swift */ = {isa = PBXFileReference; lastKnownFileType = sourcecode.swift; path = ContentView.swift; sourceTree = "<group>"; };
		74145816281C164D00374996 /* ComplicationController.swift */ = {isa = PBXFileReference; lastKnownFileType = sourcecode.swift; path = ComplicationController.swift; sourceTree = "<group>"; };
		74145818281C164E00374996 /* Assets.xcassets */ = {isa = PBXFileReference; lastKnownFileType = folder.assetcatalog; path = Assets.xcassets; sourceTree = "<group>"; };
		7414581B281C164E00374996 /* Preview Assets.xcassets */ = {isa = PBXFileReference; lastKnownFileType = folder.assetcatalog; path = "Preview Assets.xcassets"; sourceTree = "<group>"; };
		7414581D281C164E00374996 /* Info.plist */ = {isa = PBXFileReference; lastKnownFileType = text.plist.xml; path = Info.plist; sourceTree = "<group>"; };
		7414581E281C164E00374996 /* PushNotificationPayload.apns */ = {isa = PBXFileReference; lastKnownFileType = text; path = PushNotificationPayload.apns; sourceTree = "<group>"; };
		741E6FA2283BBE30006A3055 /* README.md */ = {isa = PBXFileReference; fileEncoding = 4; lastKnownFileType = net.daringfireball.markdown; path = README.md; sourceTree = SOURCE_ROOT; };
		745420BA2840FFF5002E8278 /* Constants.swift */ = {isa = PBXFileReference; lastKnownFileType = sourcecode.swift; path = Constants.swift; sourceTree = "<group>"; };
		745BC7EA28350964005134B2 /* SleepSessionCoordinatorService.swift */ = {isa = PBXFileReference; lastKnownFileType = sourcecode.swift; path = SleepSessionCoordinatorService.swift; sourceTree = "<group>"; };
		745D17A7284635A400F1C69D /* ShortcutComplication.swift */ = {isa = PBXFileReference; lastKnownFileType = sourcecode.swift; path = ShortcutComplication.swift; sourceTree = "<group>"; };
		7470D24A284A13FE00BC6F88 /* GoogleService-Info.plist */ = {isa = PBXFileReference; fileEncoding = 4; lastKnownFileType = text.plist.xml; path = "GoogleService-Info.plist"; sourceTree = "<group>"; };
		747E71872850E97900051D7E /* StartedSessionViewModel.swift */ = {isa = PBXFileReference; lastKnownFileType = sourcecode.swift; path = StartedSessionViewModel.swift; sourceTree = "<group>"; };
		7484038F282514DF009CF2A4 /* Date+RawRepresentable.swift */ = {isa = PBXFileReference; lastKnownFileType = sourcecode.swift; path = "Date+RawRepresentable.swift"; sourceTree = "<group>"; };
		74840391282547EF009CF2A4 /* NotStartedSessionView.swift */ = {isa = PBXFileReference; lastKnownFileType = sourcecode.swift; path = NotStartedSessionView.swift; sourceTree = "<group>"; };
		748403932825497D009CF2A4 /* StartedSessionView.swift */ = {isa = PBXFileReference; lastKnownFileType = sourcecode.swift; path = StartedSessionView.swift; sourceTree = "<group>"; };
		748ECE4F2822868C00BD8F11 /* CMSensorDataList+Extension.swift */ = {isa = PBXFileReference; lastKnownFileType = sourcecode.swift; path = "CMSensorDataList+Extension.swift"; sourceTree = "<group>"; };
		7490B46328522D1800AB5C1A /* NotStartedSessionViewModel.swift */ = {isa = PBXFileReference; lastKnownFileType = sourcecode.swift; path = NotStartedSessionViewModel.swift; sourceTree = "<group>"; };
		7490B4662852368600AB5C1A /* FinishedSessionViewModel.swift */ = {isa = PBXFileReference; lastKnownFileType = sourcecode.swift; path = FinishedSessionViewModel.swift; sourceTree = "<group>"; };
		7497FF5E2844B12A004DA367 /* FinishedSessionView.swift */ = {isa = PBXFileReference; lastKnownFileType = sourcecode.swift; path = FinishedSessionView.swift; sourceTree = "<group>"; };
		89D7A3705618399BE678915E /* SlideToStartButton.swift */ = {isa = PBXFileReference; includeInIndex = 1; lastKnownFileType = sourcecode.swift; path = SlideToStartButton.swift; sourceTree = "<group>"; };
		8B5A51CFED6FECA2A044D1B3 /* ImageProviderFactory.swift */ = {isa = PBXFileReference; includeInIndex = 1; lastKnownFileType = sourcecode.swift; name = ImageProviderFactory.swift; path = "SleepPhaseWakeApp WatchKit Extension/Complications/ImageProviderFactory.swift"; sourceTree = "<group>"; };
		96D94538FC0A9133ED14EEB7 /* ComplicationDataProvider.swift */ = {isa = PBXFileReference; includeInIndex = 1; lastKnownFileType = sourcecode.swift; path = ComplicationDataProvider.swift; sourceTree = "<group>"; };
		A10901972C665C46A0FFDA04 /* SleepSessionManagerTests.swift */ = {isa = PBXFileReference; includeInIndex = 1; lastKnownFileType = sourcecode.swift; name = SleepSessionManagerTests.swift; path = SleepPhaseWakeAppTests/SleepSessionManagerTests.swift; sourceTree = "<group>"; };
		AF4C697911B7EFC539145E50 /* TimeFormatterTests.swift */ = {isa = PBXFileReference; includeInIndex = 1; lastKnownFileType = sourcecode.swift; name = TimeFormatterTests.swift; path = SleepPhaseWakeAppTests/TimeFormatterTests.swift; sourceTree = "<group>"; };
		B1BD8F4147198FB0ABE6E115 /* ComplicationViews.swift */ = {isa = PBXFileReference; includeInIndex = 1; lastKnownFileType = sourcecode.swift; path = ComplicationViews.swift; sourceTree = "<group>"; };
		B7CD5BC40527A8DDBAD0E71E /* SleepTimePicker.swift */ = {isa = PBXFileReference; includeInIndex = 1; lastKnownFileType = sourcecode.swift; path = SleepTimePicker.swift; sourceTree = "<group>"; };
		C0BA0DFF66AB347E89401852 /* AppStateManagerTests.swift */ = {isa = PBXFileReference; includeInIndex = 1; lastKnownFileType = sourcecode.swift; name = AppStateManagerTests.swift; path = SleepPhaseWakeAppTests/AppStateManagerTests.swift; sourceTree = "<group>"; };
		C9C97F86636DB6DE237EEF47 /* PrimaryActionButton.swift */ = {isa = PBXFileReference; includeInIndex = 1; lastKnownFileType = sourcecode.swift; path = PrimaryActionButton.swift; sourceTree = "<group>"; };
		CA5C08145FEC722DE7CBB302 /* Icons.swift */ = {isa = PBXFileReference; includeInIndex = 1; lastKnownFileType = sourcecode.swift; name = Icons.swift; path = "SleepPhaseWakeApp WatchKit Extension/Helpers/Icons.swift"; sourceTree = "<group>"; };
		D7FACBD55D758433A8E5AD70 /* MovementMonitor.swift */ = {isa = PBXFileReference; includeInIndex = 1; lastKnownFileType = sourcecode.swift; name = MovementMonitor.swift; path = "SleepPhaseWakeApp WatchKit Extension/Services/MovementMonitor.swift"; sourceTree = "<group>"; };
		DD9DA4544FB6D1CC64950B2E /* .xctest */ = {isa = PBXFileReference; explicitFileType = wrapper.cfbundle; includeInIndex = 0; path = .xctest; sourceTree = BUILT_PRODUCTS_DIR; };
		EAA1E97001E98A2A2432BA7C /* ProgressRing.swift */ = {isa = PBXFileReference; includeInIndex = 1; lastKnownFileType = sourcecode.swift; path = ProgressRing.swift; sourceTree = "<group>"; };
		F027AE63F65F5B9202C6E3FB /* AppStateManager.swift */ = {isa = PBXFileReference; includeInIndex = 1; lastKnownFileType = sourcecode.swift; path = AppStateManager.swift; sourceTree = "<group>"; };
		FF8C33B3AA370206AB8DEBEE /* TimeFormatter.swift */ = {isa = PBXFileReference; includeInIndex = 1; lastKnownFileType = sourcecode.swift; path = TimeFormatter.swift; sourceTree = "<group>"; };
/* End PBXFileReference section */

/* Begin PBXFrameworksBuildPhase section */
		74145806281C164D00374996 /* Frameworks */ = {
			isa = PBXFrameworksBuildPhase;
			buildActionMask = 2147483647;
			files = (
			);
			runOnlyForDeploymentPostprocessing = 0;
		};
		D488DB2E0502B332EDADA6F2 /* Frameworks */ = {
			isa = PBXFrameworksBuildPhase;
			buildActionMask = 2147483647;
			files = (
				4A39296210BBCD4557160BF3 /* Foundation.framework in Frameworks */,
			);
			runOnlyForDeploymentPostprocessing = 0;
		};
/* End PBXFrameworksBuildPhase section */

/* Begin PBXGroup section */
		0788D9683AB082E3BAC9E091 /* Configuration */ = {
			isa = PBXGroup;
			children = (
				35A511E26AC7BBBDA03F05BD /* AppConfiguration.swift */,
			);
			path = Configuration;
			sourceTree = "<group>";
		};
		0CF3032D23840D3CEA5FACC4 /* Components */ = {
			isa = PBXGroup;
			children = (
				24E0D9E00DF6B64D4B30BA1D /* AnimationModifiers.swift */,
				C9C97F86636DB6DE237EEF47 /* PrimaryActionButton.swift */,
				B7CD5BC40527A8DDBAD0E71E /* SleepTimePicker.swift */,
				EAA1E97001E98A2A2432BA7C /* ProgressRing.swift */,
				89D7A3705618399BE678915E /* SlideToStartButton.swift */,
			);
			path = Components;
			sourceTree = "<group>";
		};
		4996FD172A41D4CE7397BF80 /* SleepPhaseWakeApp WatchKit Extension */ = {
			isa = PBXGroup;
			children = (
				AC6ED1B47D93171576133076 /* Helpers */,
				BDF7A020DF71D6D2D0732708 /* Services */,
				E9B113449432CAD4AA69E4A0 /* Complications */,
			);
			name = "SleepPhaseWakeApp WatchKit Extension";
			sourceTree = "<group>";
		};
		741457F3281C164B00374996 = {
			isa = PBXGroup;
			children = (
				74145802281C164C00374996 /* SleepPhaseWakeApp WatchKit App */,
				7414580D281C164D00374996 /* SleepPhaseWakeApp WatchKit Extension */,
				741457FB281C164B00374996 /* Products */,
				F19B5ECEE3D06D51B7074A18 /* Frameworks */,
				BB7DA2879F62075D353576A0 /* SleepPhaseWakeAppTests */,
				4996FD172A41D4CE7397BF80 /* SleepPhaseWakeApp WatchKit Extension */,
			);
			sourceTree = "<group>";
		};
		741457FB281C164B00374996 /* Products */ = {
			isa = PBXGroup;
			children = (
				741457FA281C164B00374996 /* Sleep Phase.app */,
				741457FE281C164C00374996 /* Sleep Phase.app */,
				74145809281C164D00374996 /* SleepPhaseWakeApp WatchKit Extension.appex */,
				DD9DA4544FB6D1CC64950B2E /* .xctest */,
			);
			name = Products;
			sourceTree = "<group>";
		};
		74145802281C164C00374996 /* SleepPhaseWakeApp WatchKit App */ = {
			isa = PBXGroup;
			children = (
				74145803281C164D00374996 /* Assets.xcassets */,
			);
			path = "SleepPhaseWakeApp WatchKit App";
			sourceTree = "<group>";
		};
		7414580D281C164D00374996 /* SleepPhaseWakeApp WatchKit Extension */ = {
			isa = PBXGroup;
			children = (
				7414580E281C164D00374996 /* SleepPhaseWakeApp.swift */,
				74145810281C164D00374996 /* ContentView.swift */,
				745BC7EC28351BBA005134B2 /* Services */,
				741E6FA6283BC72E006A3055 /* Screens */,
				7497FF612844CB4E004DA367 /* Complications */,
				748ECE4E2822866C00BD8F11 /* Helpers */,
				745BC7ED2835249F005134B2 /* Resources */,
				7414581A281C164E00374996 /* Preview Content */,
				C51D00F46B62E42397C74FB3 /* Utilities */,
				FC53E9FDF3767194B239B3EB /* Views */,
				0788D9683AB082E3BAC9E091 /* Configuration */,
			);
			path = "SleepPhaseWakeApp WatchKit Extension";
			sourceTree = "<group>";
		};
		7414581A281C164E00374996 /* Preview Content */ = {
			isa = PBXGroup;
			children = (
				7414581B281C164E00374996 /* Preview Assets.xcassets */,
			);
			path = "Preview Content";
			sourceTree = "<group>";
		};
		741E6FA6283BC72E006A3055 /* Screens */ = {
			isa = PBXGroup;
			children = (
				7490B46228522CF700AB5C1A /* NotStartedSession */,
				747E71892850E98000051D7E /* StartedSession */,
				7490B4652852367100AB5C1A /* FinishedSession */,
			);
			path = Screens;
			sourceTree = "<group>";
		};
		745BC7EC28351BBA005134B2 /* Services */ = {
			isa = PBXGroup;
			children = (
				745BC7EA28350964005134B2 /* SleepSessionCoordinatorService.swift */,
				F027AE63F65F5B9202C6E3FB /* AppStateManager.swift */,
				161DFFE2EC048AE17BB73D0B /* AccelerometerService.swift */,
				286E21CA4502CD00E118671C /* MovementDetector.swift */,
				1489F9A658A52FDFEAD4772A /* UserNotificationService.swift */,
			);
			path = Services;
			sourceTree = "<group>";
		};
		745BC7ED2835249F005134B2 /* Resources */ = {
			isa = PBXGroup;
			children = (
				7470D24A284A13FE00BC6F88 /* GoogleService-Info.plist */,
				741E6FA2283BBE30006A3055 /* README.md */,
				74145818281C164E00374996 /* Assets.xcassets */,
				7414581D281C164E00374996 /* Info.plist */,
				7414581E281C164E00374996 /* PushNotificationPayload.apns */,
			);
			path = Resources;
			sourceTree = "<group>";
		};
		747E71892850E98000051D7E /* StartedSession */ = {
			isa = PBXGroup;
			children = (
				747E71872850E97900051D7E /* StartedSessionViewModel.swift */,
				748403932825497D009CF2A4 /* StartedSessionView.swift */,
			);
			path = StartedSession;
			sourceTree = "<group>";
		};
		748ECE4E2822866C00BD8F11 /* Helpers */ = {
			isa = PBXGroup;
			children = (
				748ECE4F2822868C00BD8F11 /* CMSensorDataList+Extension.swift */,
				7484038F282514DF009CF2A4 /* Date+RawRepresentable.swift */,
				745420BA2840FFF5002E8278 /* Constants.swift */,
			);
			path = Helpers;
			sourceTree = "<group>";
		};
		7490B46228522CF700AB5C1A /* NotStartedSession */ = {
			isa = PBXGroup;
			children = (
				7490B46328522D1800AB5C1A /* NotStartedSessionViewModel.swift */,
				74840391282547EF009CF2A4 /* NotStartedSessionView.swift */,
			);
			path = NotStartedSession;
			sourceTree = "<group>";
		};
		7490B4652852367100AB5C1A /* FinishedSession */ = {
			isa = PBXGroup;
			children = (
				7490B4662852368600AB5C1A /* FinishedSessionViewModel.swift */,
				7497FF5E2844B12A004DA367 /* FinishedSessionView.swift */,
			);
			path = FinishedSession;
			sourceTree = "<group>";
		};
		7497FF612844CB4E004DA367 /* Complications */ = {
			isa = PBXGroup;
			children = (
				74145816281C164D00374996 /* ComplicationController.swift */,
				745D17A7284635A400F1C69D /* ShortcutComplication.swift */,
				96D94538FC0A9133ED14EEB7 /* ComplicationDataProvider.swift */,
				B1BD8F4147198FB0ABE6E115 /* ComplicationViews.swift */,
			);
			path = Complications;
			sourceTree = "<group>";
		};
		782B438E2764005BD8B98D07 /* Protocols */ = {
			isa = PBXGroup;
			children = (
				177C4E851DA49FEA88A60D33 /* SessionCoordinating.swift */,
			);
			name = Protocols;
			sourceTree = "<group>";
		};
		AC6ED1B47D93171576133076 /* Helpers */ = {
			isa = PBXGroup;
			children = (
				CA5C08145FEC722DE7CBB302 /* Icons.swift */,
			);
			name = Helpers;
			sourceTree = "<group>";
		};
		BB7DA2879F62075D353576A0 /* SleepPhaseWakeAppTests */ = {
			isa = PBXGroup;
			children = (
				C0BA0DFF66AB347E89401852 /* AppStateManagerTests.swift */,
				5EF64C51948ED832120B07C3 /* MovementDetectorTests.swift */,
				A10901972C665C46A0FFDA04 /* SleepSessionManagerTests.swift */,
				AF4C697911B7EFC539145E50 /* TimeFormatterTests.swift */,
			);
			name = SleepPhaseWakeAppTests;
			sourceTree = "<group>";
		};
		BDF7A020DF71D6D2D0732708 /* Services */ = {
			isa = PBXGroup;
			children = (
				5B090057E5F9513324ACA4A5 /* RuntimeSessionManager.swift */,
				D7FACBD55D758433A8E5AD70 /* MovementMonitor.swift */,
				782B438E2764005BD8B98D07 /* Protocols */,
			);
			name = Services;
			sourceTree = "<group>";
		};
		C51D00F46B62E42397C74FB3 /* Utilities */ = {
			isa = PBXGroup;
			children = (
				FF8C33B3AA370206AB8DEBEE /* TimeFormatter.swift */,
				1E4A47362910F89CD2CF5171 /* DeviceSize.swift */,
			);
			path = Utilities;
			sourceTree = "<group>";
		};
		E9B113449432CAD4AA69E4A0 /* Complications */ = {
			isa = PBXGroup;
			children = (
				8B5A51CFED6FECA2A044D1B3 /* ImageProviderFactory.swift */,
			);
			name = Complications;
			sourceTree = "<group>";
		};
		F19B5ECEE3D06D51B7074A18 /* Frameworks */ = {
			isa = PBXGroup;
			children = (
				FBA69421DED7A088B6DF46EC /* watchOS */,
			);
			name = Frameworks;
			sourceTree = "<group>";
		};
		FBA69421DED7A088B6DF46EC /* watchOS */ = {
			isa = PBXGroup;
			children = (
				358C434E477AC073B7EE9DFD /* Foundation.framework */,
			);
			name = watchOS;
			sourceTree = "<group>";
		};
		FC53E9FDF3767194B239B3EB /* Views */ = {
			isa = PBXGroup;
			children = (
				0CF3032D23840D3CEA5FACC4 /* Components */,
			);
			path = Views;
			sourceTree = "<group>";
		};
/* End PBXGroup section */

/* Begin PBXNativeTarget section */
		22FF15CEA05627B2B687C5C3 /* SleepPhaseWakeAppTests */ = {
			isa = PBXNativeTarget;
			buildConfigurationList = A83A490814ADA834DE6D3984 /* Build configuration list for PBXNativeTarget "SleepPhaseWakeAppTests" */;
			buildPhases = (
				7D2E980372690BE1BFBF656F /* Sources */,
				D488DB2E0502B332EDADA6F2 /* Frameworks */,
				7FD3FC7308D0B7508EDF6EA0 /* Resources */,
			);
			buildRules = (
			);
			dependencies = (
				FD78F680BD2918F83CFDFB27 /* PBXTargetDependency */,
			);
			name = SleepPhaseWakeAppTests;
			productName = SleepPhaseWakeAppTests;
			productReference = DD9DA4544FB6D1CC64950B2E /* .xctest */;
			productType = "com.apple.product-type.bundle.unit-test";
		};
		741457F9281C164B00374996 /* SleepPhaseWakeApp */ = {
			isa = PBXNativeTarget;
			buildConfigurationList = 74145829281C164E00374996 /* Build configuration list for PBXNativeTarget "SleepPhaseWakeApp" */;
			buildPhases = (
				741457F8281C164B00374996 /* Resources */,
				74145828281C164E00374996 /* Embed Watch Content */,
			);
			buildRules = (
			);
			dependencies = (
				74145801281C164C00374996 /* PBXTargetDependency */,
			);
			name = SleepPhaseWakeApp;
			productName = SleepPhaseWakeApp;
			productReference = 741457FA281C164B00374996 /* Sleep Phase.app */;
			productType = "com.apple.product-type.application.watchapp2-container";
		};
		741457FD281C164C00374996 /* SleepPhaseWakeApp WatchKit App */ = {
			isa = PBXNativeTarget;
			buildConfigurationList = 74145825281C164E00374996 /* Build configuration list for PBXNativeTarget "SleepPhaseWakeApp WatchKit App" */;
			buildPhases = (
				741457FC281C164C00374996 /* Resources */,
				74145824281C164E00374996 /* Embed App Extensions */,
			);
			buildRules = (
			);
			dependencies = (
				7414580C281C164D00374996 /* PBXTargetDependency */,
			);
			name = "SleepPhaseWakeApp WatchKit App";
			productName = "SleepPhaseWakeApp WatchKit App";
			productReference = 741457FE281C164C00374996 /* Sleep Phase.app */;
			productType = "com.apple.product-type.application.watchapp2";
		};
		74145808281C164D00374996 /* SleepPhaseWakeApp WatchKit Extension */ = {
			isa = PBXNativeTarget;
			buildConfigurationList = 74145821281C164E00374996 /* Build configuration list for PBXNativeTarget "SleepPhaseWakeApp WatchKit Extension" */;
			buildPhases = (
				74145805281C164D00374996 /* Sources */,
				74145806281C164D00374996 /* Frameworks */,
				74145807281C164D00374996 /* Resources */,
			);
			buildRules = (
			);
			dependencies = (
			);
			name = "SleepPhaseWakeApp WatchKit Extension";
			productName = "SleepPhaseWakeApp WatchKit Extension";
			productReference = 74145809281C164D00374996 /* SleepPhaseWakeApp WatchKit Extension.appex */;
			productType = "com.apple.product-type.watchkit2-extension";
		};
/* End PBXNativeTarget section */

/* Begin PBXProject section */
		741457F4281C164B00374996 /* Project object */ = {
			isa = PBXProject;
			attributes = {
				BuildIndependentTargetsInParallel = 1;
				LastSwiftUpdateCheck = 1330;
				LastUpgradeCheck = 1330;
				TargetAttributes = {
					741457F9281C164B00374996 = {
						CreatedOnToolsVersion = 13.3.1;
					};
					741457FD281C164C00374996 = {
						CreatedOnToolsVersion = 13.3.1;
					};
					74145808281C164D00374996 = {
						CreatedOnToolsVersion = 13.3.1;
					};
				};
			};
			buildConfigurationList = 741457F7281C164B00374996 /* Build configuration list for PBXProject "SleepPhaseWakeApp" */;
			compatibilityVersion = "Xcode 13.0";
			developmentRegion = en;
			hasScannedForEncodings = 0;
			knownRegions = (
				en,
				Base,
			);
			mainGroup = 741457F3281C164B00374996;
			productRefGroup = 741457FB281C164B00374996 /* Products */;
			projectDirPath = "";
			projectRoot = "";
			targets = (
				741457F9281C164B00374996 /* SleepPhaseWakeApp */,
				741457FD281C164C00374996 /* SleepPhaseWakeApp WatchKit App */,
				74145808281C164D00374996 /* SleepPhaseWakeApp WatchKit Extension */,
				22FF15CEA05627B2B687C5C3 /* SleepPhaseWakeAppTests */,
			);
		};
/* End PBXProject section */

/* Begin PBXResourcesBuildPhase section */
		741457F8281C164B00374996 /* Resources */ = {
			isa = PBXResourcesBuildPhase;
			buildActionMask = 2147483647;
			files = (
			);
			runOnlyForDeploymentPostprocessing = 0;
		};
		741457FC281C164C00374996 /* Resources */ = {
			isa = PBXResourcesBuildPhase;
			buildActionMask = 2147483647;
			files = (
				74145804281C164D00374996 /* Assets.xcassets in Resources */,
			);
			runOnlyForDeploymentPostprocessing = 0;
		};
		74145807281C164D00374996 /* Resources */ = {
			isa = PBXResourcesBuildPhase;
			buildActionMask = 2147483647;
			files = (
				741E6FA3283BBE30006A3055 /* README.md in Resources */,
				7470D24B284A13FE00BC6F88 /* GoogleService-Info.plist in Resources */,
				7414581C281C164E00374996 /* Preview Assets.xcassets in Resources */,
				74145819281C164E00374996 /* Assets.xcassets in Resources */,
			);
			runOnlyForDeploymentPostprocessing = 0;
		};
		7FD3FC7308D0B7508EDF6EA0 /* Resources */ = {
			isa = PBXResourcesBuildPhase;
			buildActionMask = 2147483647;
			files = (
			);
			runOnlyForDeploymentPostprocessing = 0;
		};
/* End PBXResourcesBuildPhase section */

/* Begin PBXSourcesBuildPhase section */
		74145805281C164D00374996 /* Sources */ = {
			isa = PBXSourcesBuildPhase;
			buildActionMask = 2147483647;
			files = (
				745420BB2840FFF5002E8278 /* Constants.swift in Sources */,
				745D17A8284635A400F1C69D /* ShortcutComplication.swift in Sources */,
				74840390282514DF009CF2A4 /* Date+RawRepresentable.swift in Sources */,
				74145811281C164D00374996 /* ContentView.swift in Sources */,
				74145817281C164D00374996 /* ComplicationController.swift in Sources */,
				7414580F281C164D00374996 /* SleepPhaseWakeApp.swift in Sources */,
				74840392282547EF009CF2A4 /* NotStartedSessionView.swift in Sources */,
				7490B4672852368600AB5C1A /* FinishedSessionViewModel.swift in Sources */,
				7490B46428522D1800AB5C1A /* NotStartedSessionViewModel.swift in Sources */,
				748ECE502822868C00BD8F11 /* CMSensorDataList+Extension.swift in Sources */,
				748403942825497D009CF2A4 /* StartedSessionView.swift in Sources */,
				7497FF5F2844B12A004DA367 /* FinishedSessionView.swift in Sources */,
				745BC7EB28350964005134B2 /* SleepSessionCoordinatorService.swift in Sources */,
				747E71882850E97900051D7E /* StartedSessionViewModel.swift in Sources */,
				5CA906F6D1DAB8010525629B /* AppStateManager.swift in Sources */,
				BC6A13E35580A67197B1EE52 /* AccelerometerService.swift in Sources */,
				EC0905656248C87BD2BDBF5A /* MovementDetector.swift in Sources */,
				575F8AEAA7A7FEE12A5D98E9 /* UserNotificationService.swift in Sources */,
				9B2DBABE99EEF805960A56A3 /* TimeFormatter.swift in Sources */,
				5C2A62B3477F549F43E48314 /* AnimationModifiers.swift in Sources */,
				5A8D5643833AA3895507D27E /* PrimaryActionButton.swift in Sources */,
				5858514D67EB55FA28579A26 /* ComplicationDataProvider.swift in Sources */,
				7D96568FA736BAAE6584079A /* ComplicationViews.swift in Sources */,
				FF75F4CF7AAB8C2452BE7DAA /* DeviceSize.swift in Sources */,
				2B6FEA20B49C3673B9EE60BE /* SleepTimePicker.swift in Sources */,
				6671311FF1D41372B5A00CE2 /* ProgressRing.swift in Sources */,
				8DB75052DA074D66B2CA968A /* SlideToStartButton.swift in Sources */,
				F3704CE2E6D3BF327400C719 /* AppConfiguration.swift in Sources */,
				EEDF5796579B80A9ECCCD476 /* Icons.swift in Sources */,
				A16AAA233A373EBE0DB9A298 /* RuntimeSessionManager.swift in Sources */,
				D04DB656CD7A2252868B6656 /* MovementMonitor.swift in Sources */,
				3FAAEF86AE5DEF0DAB848249 /* SessionCoordinating.swift in Sources */,
				4B82E5A96EA57B60703A5D5E /* ImageProviderFactory.swift in Sources */,
			);
			runOnlyForDeploymentPostprocessing = 0;
		};
		7D2E980372690BE1BFBF656F /* Sources */ = {
			isa = PBXSourcesBuildPhase;
			buildActionMask = 2147483647;
			files = (
				732B4AFFAA1B5F536482EA2B /* AppStateManagerTests.swift in Sources */,
				78AE828D570C46F84B1FAA22 /* MovementDetectorTests.swift in Sources */,
				50C6A42E277FF5EBED30351D /* SleepSessionManagerTests.swift in Sources */,
				DF3AFAE75B30A819F55FEAE0 /* TimeFormatterTests.swift in Sources */,
			);
			runOnlyForDeploymentPostprocessing = 0;
		};
/* End PBXSourcesBuildPhase section */

/* Begin PBXTargetDependency section */
		74145801281C164C00374996 /* PBXTargetDependency */ = {
			isa = PBXTargetDependency;
			target = 741457FD281C164C00374996 /* SleepPhaseWakeApp WatchKit App */;
			targetProxy = 74145800281C164C00374996 /* PBXContainerItemProxy */;
		};
		7414580C281C164D00374996 /* PBXTargetDependency */ = {
			isa = PBXTargetDependency;
			target = 74145808281C164D00374996 /* SleepPhaseWakeApp WatchKit Extension */;
			targetProxy = 7414580B281C164D00374996 /* PBXContainerItemProxy */;
		};
		FD78F680BD2918F83CFDFB27 /* PBXTargetDependency */ = {
			isa = PBXTargetDependency;
			name = "SleepPhaseWakeApp WatchKit Extension";
			target = 74145808281C164D00374996 /* SleepPhaseWakeApp WatchKit Extension */;
			targetProxy = 8EDA11C81F7AB2EAC155B5FA /* PBXContainerItemProxy */;
		};
/* End PBXTargetDependency section */

/* Begin XCBuildConfiguration section */
		17299F708B38365E84C5E7D9 /* Debug */ = {
			isa = XCBuildConfiguration;
			buildSettings = {
				BUNDLE_LOADER = "$(TEST_HOST)";
				DEVELOPMENT_TEAM = FWHF624C4H;
				INFOPLIST_FILE = SleepPhaseWakeAppTests/Info.plist;
				LD_RUNPATH_SEARCH_PATHS = (
					"$(inherited)",
					"@executable_path/Frameworks",
					"@loader_path/Frameworks",
				);
				PRODUCT_BUNDLE_IDENTIFIER = ruslanpopesku.SleepPhaseWakeAppTests;
				SDKROOT = watchos;
				TARGETED_DEVICE_FAMILY = 4;
				TEST_HOST = "$(BUILT_PRODUCTS_DIR)/Sleep Phase WatchKit Extension.appex/Sleep Phase WatchKit Extension";
				WATCHOS_DEPLOYMENT_TARGET = 9.0;
			};
			name = Debug;
		};
		7414581F281C164E00374996 /* Debug */ = {
			isa = XCBuildConfiguration;
			buildSettings = {
				ALWAYS_EMBED_SWIFT_STANDARD_LIBRARIES = YES;
				ALWAYS_SEARCH_USER_PATHS = NO;
				CLANG_ANALYZER_NONNULL = YES;
				CLANG_ANALYZER_NUMBER_OBJECT_CONVERSION = YES_AGGRESSIVE;
				CLANG_CXX_LANGUAGE_STANDARD = "gnu++17";
				CLANG_ENABLE_MODULES = YES;
				CLANG_ENABLE_OBJC_ARC = YES;
				CLANG_ENABLE_OBJC_WEAK = YES;
				CLANG_WARN_BLOCK_CAPTURE_AUTORELEASING = YES;
				CLANG_WARN_BOOL_CONVERSION = YES;
				CLANG_WARN_COMMA = YES;
				CLANG_WARN_CONSTANT_CONVERSION = YES;
				CLANG_WARN_DEPRECATED_OBJC_IMPLEMENTATIONS = YES;
				CLANG_WARN_DIRECT_OBJC_ISA_USAGE = YES_ERROR;
				CLANG_WARN_DOCUMENTATION_COMMENTS = YES;
				CLANG_WARN_EMPTY_BODY = YES;
				CLANG_WARN_ENUM_CONVERSION = YES;
				CLANG_WARN_INFINITE_RECURSION = YES;
				CLANG_WARN_INT_CONVERSION = YES;
				CLANG_WARN_NON_LITERAL_NULL_CONVERSION = YES;
				CLANG_WARN_OBJC_IMPLICIT_RETAIN_SELF = YES;
				CLANG_WARN_OBJC_LITERAL_CONVERSION = YES;
				CLANG_WARN_OBJC_ROOT_CLASS = YES_ERROR;
				CLANG_WARN_QUOTED_INCLUDE_IN_FRAMEWORK_HEADER = YES;
				CLANG_WARN_RANGE_LOOP_ANALYSIS = YES;
				CLANG_WARN_STRICT_PROTOTYPES = YES;
				CLANG_WARN_SUSPICIOUS_MOVE = YES;
				CLANG_WARN_UNGUARDED_AVAILABILITY = YES_AGGRESSIVE;
				CLANG_WARN_UNREACHABLE_CODE = YES;
				CLANG_WARN__DUPLICATE_METHOD_MATCH = YES;
				COPY_PHASE_STRIP = NO;
				DEBUG_INFORMATION_FORMAT = dwarf;
				ENABLE_STRICT_OBJC_MSGSEND = YES;
				ENABLE_TESTABILITY = YES;
				GCC_C_LANGUAGE_STANDARD = gnu11;
				GCC_DYNAMIC_NO_PIC = NO;
				GCC_NO_COMMON_BLOCKS = YES;
				GCC_OPTIMIZATION_LEVEL = 0;
				GCC_PREPROCESSOR_DEFINITIONS = (
					"DEBUG=1",
					"$(inherited)",
				);
				GCC_WARN_64_TO_32_BIT_CONVERSION = YES;
				GCC_WARN_ABOUT_RETURN_TYPE = YES_ERROR;
				GCC_WARN_UNDECLARED_SELECTOR = YES;
				GCC_WARN_UNINITIALIZED_AUTOS = YES_AGGRESSIVE;
				GCC_WARN_UNUSED_FUNCTION = YES;
				GCC_WARN_UNUSED_VARIABLE = YES;
				MTL_ENABLE_DEBUG_INFO = INCLUDE_SOURCE;
				MTL_FAST_MATH = YES;
				ONLY_ACTIVE_ARCH = YES;
				SDKROOT = iphoneos;
				SWIFT_ACTIVE_COMPILATION_CONDITIONS = DEBUG;
				SWIFT_OPTIMIZATION_LEVEL = "-Onone";
				WATCHOS_DEPLOYMENT_TARGET = 8.0;
			};
			name = Debug;
		};
		74145820281C164E00374996 /* Release */ = {
			isa = XCBuildConfiguration;
			buildSettings = {
				ALWAYS_EMBED_SWIFT_STANDARD_LIBRARIES = YES;
				ALWAYS_SEARCH_USER_PATHS = NO;
				CLANG_ANALYZER_NONNULL = YES;
				CLANG_ANALYZER_NUMBER_OBJECT_CONVERSION = YES_AGGRESSIVE;
				CLANG_CXX_LANGUAGE_STANDARD = "gnu++17";
				CLANG_ENABLE_MODULES = YES;
				CLANG_ENABLE_OBJC_ARC = YES;
				CLANG_ENABLE_OBJC_WEAK = YES;
				CLANG_WARN_BLOCK_CAPTURE_AUTORELEASING = YES;
				CLANG_WARN_BOOL_CONVERSION = YES;
				CLANG_WARN_COMMA = YES;
				CLANG_WARN_CONSTANT_CONVERSION = YES;
				CLANG_WARN_DEPRECATED_OBJC_IMPLEMENTATIONS = YES;
				CLANG_WARN_DIRECT_OBJC_ISA_USAGE = YES_ERROR;
				CLANG_WARN_DOCUMENTATION_COMMENTS = YES;
				CLANG_WARN_EMPTY_BODY = YES;
				CLANG_WARN_ENUM_CONVERSION = YES;
				CLANG_WARN_INFINITE_RECURSION = YES;
				CLANG_WARN_INT_CONVERSION = YES;
				CLANG_WARN_NON_LITERAL_NULL_CONVERSION = YES;
				CLANG_WARN_OBJC_IMPLICIT_RETAIN_SELF = YES;
				CLANG_WARN_OBJC_LITERAL_CONVERSION = YES;
				CLANG_WARN_OBJC_ROOT_CLASS = YES_ERROR;
				CLANG_WARN_QUOTED_INCLUDE_IN_FRAMEWORK_HEADER = YES;
				CLANG_WARN_RANGE_LOOP_ANALYSIS = YES;
				CLANG_WARN_STRICT_PROTOTYPES = YES;
				CLANG_WARN_SUSPICIOUS_MOVE = YES;
				CLANG_WARN_UNGUARDED_AVAILABILITY = YES_AGGRESSIVE;
				CLANG_WARN_UNREACHABLE_CODE = YES;
				CLANG_WARN__DUPLICATE_METHOD_MATCH = YES;
				COPY_PHASE_STRIP = NO;
				DEBUG_INFORMATION_FORMAT = "dwarf-with-dsym";
				ENABLE_NS_ASSERTIONS = NO;
				ENABLE_STRICT_OBJC_MSGSEND = YES;
				GCC_C_LANGUAGE_STANDARD = gnu11;
				GCC_NO_COMMON_BLOCKS = YES;
				GCC_WARN_64_TO_32_BIT_CONVERSION = YES;
				GCC_WARN_ABOUT_RETURN_TYPE = YES_ERROR;
				GCC_WARN_UNDECLARED_SELECTOR = YES;
				GCC_WARN_UNINITIALIZED_AUTOS = YES_AGGRESSIVE;
				GCC_WARN_UNUSED_FUNCTION = YES;
				GCC_WARN_UNUSED_VARIABLE = YES;
				MTL_ENABLE_DEBUG_INFO = NO;
				MTL_FAST_MATH = YES;
				SDKROOT = iphoneos;
				SWIFT_COMPILATION_MODE = wholemodule;
				SWIFT_OPTIMIZATION_LEVEL = "-O";
				VALIDATE_PRODUCT = YES;
				WATCHOS_DEPLOYMENT_TARGET = 8.0;
			};
			name = Release;
		};
		74145822281C164E00374996 /* Debug */ = {
			isa = XCBuildConfiguration;
			buildSettings = {
				ASSETCATALOG_COMPILER_COMPLICATION_NAME = Complication;
				CODE_SIGN_IDENTITY = "Apple Development";
				CODE_SIGN_STYLE = Automatic;
				CURRENT_PROJECT_VERSION = 2;
				DEVELOPMENT_ASSET_PATHS = "\"SleepPhaseWakeApp WatchKit Extension/Preview Content\"";
				DEVELOPMENT_TEAM = FWHF624C4H;
				ENABLE_PREVIEWS = YES;
				GENERATE_INFOPLIST_FILE = YES;
				INFOPLIST_FILE = "SleepPhaseWakeApp WatchKit Extension/Resources/Info.plist";
				INFOPLIST_KEY_CFBundleDisplayName = "Sleep Phase";
				INFOPLIST_KEY_CLKComplicationPrincipalClass = SleepPhaseWakeApp_WatchKit_Extension.ComplicationController;
				INFOPLIST_KEY_NSHumanReadableCopyright = "";
				INFOPLIST_KEY_NSMotionUsageDescription = "App Uses your accelerometer data to measure Phase of your sleep with allows to Wake you Up in the best moment";
				INFOPLIST_KEY_WKWatchOnly = YES;
				LD_RUNPATH_SEARCH_PATHS = (
					"$(inherited)",
					"@executable_path/Frameworks",
					"@executable_path/../../Frameworks",
				);
				MARKETING_VERSION = 0.1;
				PRODUCT_BUNDLE_IDENTIFIER = ruslanpopesku.SleepPhaseWakeApp.watchkitapp.watchkitextension;
				PRODUCT_NAME = "${TARGET_NAME}";
				PROVISIONING_PROFILE_SPECIFIER = "";
				SDKROOT = watchos;
				SKIP_INSTALL = YES;
				SWIFT_EMIT_LOC_STRINGS = YES;
				SWIFT_VERSION = 5.0;
				TARGETED_DEVICE_FAMILY = 4;
				WATCHOS_DEPLOYMENT_TARGET = 8.0;
			};
			name = Debug;
		};
		74145823281C164E00374996 /* Release */ = {
			isa = XCBuildConfiguration;
			buildSettings = {
				ASSETCATALOG_COMPILER_COMPLICATION_NAME = Complication;
				CODE_SIGN_IDENTITY = "Apple Development";
				CODE_SIGN_STYLE = Automatic;
				CURRENT_PROJECT_VERSION = 2;
				DEVELOPMENT_ASSET_PATHS = "\"SleepPhaseWakeApp WatchKit Extension/Preview Content\"";
				DEVELOPMENT_TEAM = FWHF624C4H;
				ENABLE_PREVIEWS = YES;
				GENERATE_INFOPLIST_FILE = YES;
				INFOPLIST_FILE = "SleepPhaseWakeApp WatchKit Extension/Resources/Info.plist";
				INFOPLIST_KEY_CFBundleDisplayName = "Sleep Phase";
				INFOPLIST_KEY_CLKComplicationPrincipalClass = SleepPhaseWakeApp_WatchKit_Extension.ComplicationController;
				INFOPLIST_KEY_NSHumanReadableCopyright = "";
				INFOPLIST_KEY_NSMotionUsageDescription = "App Uses your accelerometer data to measure Phase of your sleep with allows to Wake you Up in the best moment";
				INFOPLIST_KEY_WKWatchOnly = YES;
				LD_RUNPATH_SEARCH_PATHS = (
					"$(inherited)",
					"@executable_path/Frameworks",
					"@executable_path/../../Frameworks",
				);
				MARKETING_VERSION = 0.1;
				PRODUCT_BUNDLE_IDENTIFIER = ruslanpopesku.SleepPhaseWakeApp.watchkitapp.watchkitextension;
				PRODUCT_NAME = "${TARGET_NAME}";
				PROVISIONING_PROFILE_SPECIFIER = "";
				SDKROOT = watchos;
				SKIP_INSTALL = YES;
				SWIFT_EMIT_LOC_STRINGS = YES;
				SWIFT_VERSION = 5.0;
				TARGETED_DEVICE_FAMILY = 4;
				WATCHOS_DEPLOYMENT_TARGET = 8.0;
			};
			name = Release;
		};
		74145826281C164E00374996 /* Debug */ = {
			isa = XCBuildConfiguration;
			buildSettings = {
				ALWAYS_EMBED_SWIFT_STANDARD_LIBRARIES = YES;
				ASSETCATALOG_COMPILER_APPICON_NAME = AppIcon;
				ASSETCATALOG_COMPILER_GLOBAL_ACCENT_COLOR_NAME = AccentColor;
				ASSETCATALOG_COMPILER_INCLUDE_ALL_APPICON_ASSETS = YES;
				CODE_SIGN_STYLE = Automatic;
				CURRENT_PROJECT_VERSION = 2;
				DEVELOPMENT_TEAM = FWHF624C4H;
				GENERATE_INFOPLIST_FILE = YES;
				IBSC_MODULE = SleepPhaseWakeApp_WatchKit_Extension;
				INFOPLIST_KEY_UISupportedInterfaceOrientations = "UIInterfaceOrientationPortrait UIInterfaceOrientationPortraitUpsideDown";
				MARKETING_VERSION = 0.1;
				PRODUCT_BUNDLE_IDENTIFIER = ruslanpopesku.SleepPhaseWakeApp.watchkitapp;
				PRODUCT_NAME = "Sleep Phase";
				SDKROOT = watchos;
				SKIP_INSTALL = YES;
				SWIFT_EMIT_LOC_STRINGS = YES;
				SWIFT_VERSION = 5.0;
				TARGETED_DEVICE_FAMILY = 4;
				WATCHOS_DEPLOYMENT_TARGET = 8.0;
			};
			name = Debug;
		};
		74145827281C164E00374996 /* Release */ = {
			isa = XCBuildConfiguration;
			buildSettings = {
				ALWAYS_EMBED_SWIFT_STANDARD_LIBRARIES = YES;
				ASSETCATALOG_COMPILER_APPICON_NAME = AppIcon;
				ASSETCATALOG_COMPILER_GLOBAL_ACCENT_COLOR_NAME = AccentColor;
				ASSETCATALOG_COMPILER_INCLUDE_ALL_APPICON_ASSETS = YES;
				CODE_SIGN_STYLE = Automatic;
				CURRENT_PROJECT_VERSION = 2;
				DEVELOPMENT_TEAM = FWHF624C4H;
				GENERATE_INFOPLIST_FILE = YES;
				IBSC_MODULE = SleepPhaseWakeApp_WatchKit_Extension;
				INFOPLIST_KEY_UISupportedInterfaceOrientations = "UIInterfaceOrientationPortrait UIInterfaceOrientationPortraitUpsideDown";
				MARKETING_VERSION = 0.1;
				PRODUCT_BUNDLE_IDENTIFIER = ruslanpopesku.SleepPhaseWakeApp.watchkitapp;
				PRODUCT_NAME = "Sleep Phase";
				SDKROOT = watchos;
				SKIP_INSTALL = YES;
				SWIFT_EMIT_LOC_STRINGS = YES;
				SWIFT_VERSION = 5.0;
				TARGETED_DEVICE_FAMILY = 4;
				WATCHOS_DEPLOYMENT_TARGET = 8.0;
			};
			name = Release;
		};
		7414582A281C164E00374996 /* Debug */ = {
			isa = XCBuildConfiguration;
			buildSettings = {
				CODE_SIGN_IDENTITY = "Apple Development";
				CODE_SIGN_STYLE = Automatic;
				CURRENT_PROJECT_VERSION = 2;
				DEVELOPMENT_TEAM = FWHF624C4H;
				INFOPLIST_FILE = "";
				INFOPLIST_KEY_CFBundleDisplayName = "Sleep Phase";
				IPHONEOS_DEPLOYMENT_TARGET = 15.6;
				MARKETING_VERSION = 0.11;
				PRODUCT_BUNDLE_IDENTIFIER = ruslanpopesku.SleepPhaseWakeApp;
				PRODUCT_NAME = "Sleep Phase";
				PROVISIONING_PROFILE_SPECIFIER = "";
				SWIFT_VERSION = 5.0;
			};
			name = Debug;
		};
		7414582B281C164E00374996 /* Release */ = {
			isa = XCBuildConfiguration;
			buildSettings = {
				CODE_SIGN_IDENTITY = "Apple Development";
				CODE_SIGN_STYLE = Automatic;
				CURRENT_PROJECT_VERSION = 2;
				DEVELOPMENT_TEAM = FWHF624C4H;
				INFOPLIST_FILE = "";
				INFOPLIST_KEY_CFBundleDisplayName = "Sleep Phase";
				IPHONEOS_DEPLOYMENT_TARGET = 15.6;
				MARKETING_VERSION = 0.11;
				PRODUCT_BUNDLE_IDENTIFIER = ruslanpopesku.SleepPhaseWakeApp;
				PRODUCT_NAME = "Sleep Phase";
				PROVISIONING_PROFILE_SPECIFIER = "";
				SWIFT_VERSION = 5.0;
			};
			name = Release;
		};
		C4928B451D2D6A1300C5CB07 /* Release */ = {
			isa = XCBuildConfiguration;
			buildSettings = {
				BUNDLE_LOADER = "$(TEST_HOST)";
				DEVELOPMENT_TEAM = FWHF624C4H;
				INFOPLIST_FILE = SleepPhaseWakeAppTests/Info.plist;
				LD_RUNPATH_SEARCH_PATHS = (
					"$(inherited)",
					"@executable_path/Frameworks",
					"@loader_path/Frameworks",
				);
				PRODUCT_BUNDLE_IDENTIFIER = ruslanpopesku.SleepPhaseWakeAppTests;
				SDKROOT = watchos;
				TARGETED_DEVICE_FAMILY = 4;
				TEST_HOST = "$(BUILT_PRODUCTS_DIR)/Sleep Phase WatchKit Extension.appex/Sleep Phase WatchKit Extension";
				VALIDATE_PRODUCT = YES;
				WATCHOS_DEPLOYMENT_TARGET = 9.0;
			};
			name = Release;
		};
/* End XCBuildConfiguration section */

/* Begin XCConfigurationList section */
		741457F7281C164B00374996 /* Build configuration list for PBXProject "SleepPhaseWakeApp" */ = {
			isa = XCConfigurationList;
			buildConfigurations = (
				7414581F281C164E00374996 /* Debug */,
				74145820281C164E00374996 /* Release */,
			);
			defaultConfigurationIsVisible = 0;
			defaultConfigurationName = Debug;
		};
		74145821281C164E00374996 /* Build configuration list for PBXNativeTarget "SleepPhaseWakeApp WatchKit Extension" */ = {
			isa = XCConfigurationList;
			buildConfigurations = (
				74145822281C164E00374996 /* Debug */,
				74145823281C164E00374996 /* Release */,
			);
			defaultConfigurationIsVisible = 0;
			defaultConfigurationName = Debug;
		};
		74145825281C164E00374996 /* Build configuration list for PBXNativeTarget "SleepPhaseWakeApp WatchKit App" */ = {
			isa = XCConfigurationList;
			buildConfigurations = (
				74145826281C164E00374996 /* Debug */,
				74145827281C164E00374996 /* Release */,
			);
			defaultConfigurationIsVisible = 0;
			defaultConfigurationName = Debug;
		};
		74145829281C164E00374996 /* Build configuration list for PBXNativeTarget "SleepPhaseWakeApp" */ = {
			isa = XCConfigurationList;
			buildConfigurations = (
				7414582A281C164E00374996 /* Debug */,
				7414582B281C164E00374996 /* Release */,
			);
			defaultConfigurationIsVisible = 0;
			defaultConfigurationName = Debug;
		};
		A83A490814ADA834DE6D3984 /* Build configuration list for PBXNativeTarget "SleepPhaseWakeAppTests" */ = {
			isa = XCConfigurationList;
			buildConfigurations = (
				C4928B451D2D6A1300C5CB07 /* Release */,
				17299F708B38365E84C5E7D9 /* Debug */,
			);
			defaultConfigurationIsVisible = 0;
			defaultConfigurationName = Release;
		};
/* End XCConfigurationList section */
	};
	rootObject = 741457F4281C164B00374996 /* Project object */;
}
