{
  "pins" : [
    {
      "identity" : "sentry-cocoa",
      "kind" : "remoteSourceControl",
      "location" : "https://github.com/getsentry/sentry-cocoa",
      "state" : {
        "revision" : "b34ce9048e6b8b082ea6b15e6b50583d46c936ea",
        "version" : "7.16.0"
      }
    }
  ],
  "version" : 2
}
